
Microsoft Visual Studio Solution File, Format Version 12.00
# Visual Studio Version 17
VisualStudioVersion = 17.4.33103.184
MinimumVisualStudioVersion = 10.0.40219.1
Project("{FAE04EC0-301F-11D3-BF4B-00C04F79EFBC}") = "UrediDom", "UrediDom\UrediDom.csproj", "{D0378BD0-5880-4992-ACCF-23A26388DDDF}"
EndProject
Global
	GlobalSection(SolutionConfigurationPlatforms) = preSolution
		Debug|Any CPU = Debug|Any CPU
		Release|Any CPU = Release|Any CPU
	EndGlobalSection
	GlobalSection(ProjectConfigurationPlatforms) = postSolution
		{D0378BD0-5880-4992-ACCF-23A26388DDDF}.Debug|Any CPU.ActiveCfg = Debug|Any CPU
		{D0378BD0-5880-4992-ACCF-23A26388DDDF}.Debug|Any CPU.Build.0 = Debug|Any CPU
		{D0378BD0-5880-4992-ACCF-23A26388DDDF}.Release|Any CPU.ActiveCfg = Release|Any CPU
		{D0378BD0-5880-4992-ACCF-23A26388DDDF}.Release|Any CPU.Build.0 = Release|Any CPU
	EndGlobalSection
	GlobalSection(SolutionProperties) = preSolution
		HideSolutionNode = FALSE
	EndGlobalSection
	GlobalSection(ExtensibilityGlobals) = postSolution
		SolutionGuid = {6AF5764D-FF67-4A23-884C-9AB82D4B66B0}
	EndGlobalSection
EndGlobal
